
Microsoft Visual Studio Solution File, Format Version 12.00
# Visual Studio Version 16
VisualStudioVersion = 16.0.30114.105
MinimumVisualStudioVersion = 10.0.40219.1
Project("{FAE04EC0-301F-11D3-BF4B-00C04F79EFBC}") = "Video generator", "Video generator.csproj", "{55F7E13C-B9C0-4E53-928E-8B36892D3D36}"
EndProject
Project("{FAE04EC0-301F-11D3-BF4B-00C04F79EFBC}") = "ImageProcessingDemo1", "ImageProcessingDemo1\ImageProcessingDemo1\ImageProcessingDemo1.csproj", "{5542DB80-2F52-4DC7-827E-5E65067E0678}"
EndProject
Global
	GlobalSection(SolutionConfigurationPlatforms) = preSolution
		Debug|Any CPU = Debug|Any CPU
		Debug|x64 = Debug|x64
		Debug|x86 = Debug|x86
		Release|Any CPU = Release|Any CPU
		Release|x64 = Release|x64
		Release|x86 = Release|x86
	EndGlobalSection
	GlobalSection(ProjectConfigurationPlatforms) = postSolution
		{55F7E13C-B9C0-4E53-928E-8B36892D3D36}.Debug|Any CPU.ActiveCfg = Debug|Any CPU
		{55F7E13C-B9C0-4E53-928E-8B36892D3D36}.Debug|Any CPU.Build.0 = Debug|Any CPU
		{55F7E13C-B9C0-4E53-928E-8B36892D3D36}.Debug|x64.ActiveCfg = Debug|x64
		{55F7E13C-B9C0-4E53-928E-8B36892D3D36}.Debug|x64.Build.0 = Debug|x64
		{55F7E13C-B9C0-4E53-928E-8B36892D3D36}.Debug|x86.ActiveCfg = Debug|x86
		{55F7E13C-B9C0-4E53-928E-8B36892D3D36}.Debug|x86.Build.0 = Debug|x86
		{55F7E13C-B9C0-4E53-928E-8B36892D3D36}.Release|Any CPU.ActiveCfg = Release|Any CPU
		{55F7E13C-B9C0-4E53-928E-8B36892D3D36}.Release|Any CPU.Build.0 = Release|Any CPU
		{55F7E13C-B9C0-4E53-928E-8B36892D3D36}.Release|x64.ActiveCfg = Release|x64
		{55F7E13C-B9C0-4E53-928E-8B36892D3D36}.Release|x64.Build.0 = Release|x64
		{55F7E13C-B9C0-4E53-928E-8B36892D3D36}.Release|x86.ActiveCfg = Release|x86
		{55F7E13C-B9C0-4E53-928E-8B36892D3D36}.Release|x86.Build.0 = Release|x86
		{5542DB80-2F52-4DC7-827E-5E65067E0678}.Debug|Any CPU.ActiveCfg = Debug|Any CPU
		{5542DB80-2F52-4DC7-827E-5E65067E0678}.Debug|Any CPU.Build.0 = Debug|Any CPU
		{5542DB80-2F52-4DC7-827E-5E65067E0678}.Debug|x64.ActiveCfg = Debug|Any CPU
		{5542DB80-2F52-4DC7-827E-5E65067E0678}.Debug|x64.Build.0 = Debug|Any CPU
		{5542DB80-2F52-4DC7-827E-5E65067E0678}.Debug|x86.ActiveCfg = Debug|Any CPU
		{5542DB80-2F52-4DC7-827E-5E65067E0678}.Debug|x86.Build.0 = Debug|Any CPU
		{5542DB80-2F52-4DC7-827E-5E65067E0678}.Release|Any CPU.ActiveCfg = Release|Any CPU
		{5542DB80-2F52-4DC7-827E-5E65067E0678}.Release|Any CPU.Build.0 = Release|Any CPU
		{5542DB80-2F52-4DC7-827E-5E65067E0678}.Release|x64.ActiveCfg = Release|Any CPU
		{5542DB80-2F52-4DC7-827E-5E65067E0678}.Release|x64.Build.0 = Release|Any CPU
		{5542DB80-2F52-4DC7-827E-5E65067E0678}.Release|x86.ActiveCfg = Release|Any CPU
		{5542DB80-2F52-4DC7-827E-5E65067E0678}.Release|x86.Build.0 = Release|Any CPU
	EndGlobalSection
	GlobalSection(SolutionProperties) = preSolution
		HideSolutionNode = FALSE
	EndGlobalSection
	GlobalSection(ExtensibilityGlobals) = postSolution
		SolutionGuid = {4D9F9D75-C642-4AFE-92E9-10A82B8B0895}
	EndGlobalSection
EndGlobal
